
Microsoft Visual Studio Solution File, Format Version 12.00
# Visual Studio Version 17
VisualStudioVersion = 17.0.32112.339
MinimumVisualStudioVersion = 10.0.40219.1
Project("{FAE04EC0-301F-11D3-BF4B-00C04F79EFBC}") = "area_methods", "area_methods\area_methods.csproj", "{FD13581E-6A72-4BEE-9BF3-C04B76E548CF}"
EndProject
Global
	GlobalSection(SolutionConfigurationPlatforms) = preSolution
		Debug|Any CPU = Debug|Any CPU
		Release|Any CPU = Release|Any CPU
	EndGlobalSection
	GlobalSection(ProjectConfigurationPlatforms) = postSolution
		{FD13581E-6A72-4BEE-9BF3-C04B76E548CF}.Debug|Any CPU.ActiveCfg = Debug|Any CPU
		{FD13581E-6A72-4BEE-9BF3-C04B76E548CF}.Debug|Any CPU.Build.0 = Debug|Any CPU
		{FD13581E-6A72-4BEE-9BF3-C04B76E548CF}.Release|Any CPU.ActiveCfg = Release|Any CPU
		{FD13581E-6A72-4BEE-9BF3-C04B76E548CF}.Release|Any CPU.Build.0 = Release|Any CPU
	EndGlobalSection
	GlobalSection(SolutionProperties) = preSolution
		HideSolutionNode = FALSE
	EndGlobalSection
	GlobalSection(ExtensibilityGlobals) = postSolution
		SolutionGuid = {4415B6F5-7677-4B5F-A8B5-B9945470D608}
	EndGlobalSection
EndGlobal
